{
  "name": "2019-nCoV",
  "version": "2.0.0",
  "lockfileVersion": 1,
  "requires": true,
  "dependencies": {
    "@geo-maps/countries-maritime-10km": {
      "version": "0.5.0",
      "resolved": "https://registry.npmjs.org/@geo-maps/countries-maritime-10km/-/countries-maritime-10km-0.5.0.tgz",
      "integrity": "sha512-bdHJFXv9ZWXvXr47EBUz2eDjRNXhID68GyMOaQBPd8FqqQJtu3tYdpVo+z54r1GBD05Ek0e2kT/Az6JCDyiccQ=="
    },
    "commander": {
      "version": "2.11.0",
      "resolved": "https://registry.npmjs.org/commander/-/commander-2.11.0.tgz",
      "integrity": "sha512-b0553uYA5YAEGgyYIGYROzKQ7X5RAqedkfjiZxwi0kL1g3bOaBNNZfYkzt/CL0umgD5wc9Jec2FbB98CjkMRvQ=="
    },
    "d3-array": {
      "version": "1.2.4",
      "resolved": "https://registry.npmjs.org/d3-array/-/d3-array-1.2.4.tgz",
      "integrity": "sha512-KHW6M86R+FUPYGb3R5XiYjXPq7VzwxZ22buHhAEVG5ztoEcZZMLov530mmccaqA1GghZArjQV46fuc8kUqhhHw=="
    },
    "d3-geo": {
      "version": "1.9.0",
      "resolved": "https://registry.npmjs.org/d3-geo/-/d3-geo-1.9.0.tgz",
      "integrity": "sha512-94YbAT+q5E/p+XEd4VKiNkQNicrrON3l6eoW70sC8aHjUGoBDJ/Ht8Z/hvhGJJTi2zhYBvUd34Mfqv4TG7we9A==",
      "requires": {
        "d3-array": "1"
      }
    },
    "message-queue-pebble": {
      "version": "1.0.0",
      "resolved": "https://registry.npmjs.org/message-queue-pebble/-/message-queue-pebble-1.0.0.tgz",
      "integrity": "sha1-X/nQ9YiDp5OSJKxU+GWq1GZRr7o="
    },
    "pdc-transform": {
      "version": "2.0.4",
      "resolved": "https://registry.npmjs.org/pdc-transform/-/pdc-transform-2.0.4.tgz",
      "integrity": "sha1-daZmx6WmKUr6jasr6weigcvbwQg="
    },
    "pebble-clay": {
      "version": "1.0.4",
      "resolved": "https://registry.npmjs.org/pebble-clay/-/pebble-clay-1.0.4.tgz",
      "integrity": "sha1-/fkvD9x3CpecBodOqiRXzC52I0Q="
    },
    "point2place": {
      "version": "0.1.3",
      "resolved": "https://registry.npmjs.org/point2place/-/point2place-0.1.3.tgz",
      "integrity": "sha512-FPP2VzEvsq/gaPGcMBc8KitUknLgZSOfqFgz+P5zLwzHOLGo03qDqvZvb4tgn1Y6CvJabcV9kRDqA0eHxG/UEg==",
      "requires": {
        "@geo-maps/countries-maritime-10km": "0.5.0",
        "commander": "2.11.0",
        "d3-geo": "1.9.0"
      }
    }
  }
}
